
Microsoft Visual Studio Solution File, Format Version 12.00
# Visual Studio 15
VisualStudioVersion = 15.0.27130.2010
MinimumVisualStudioVersion = 10.0.40219.1
Project("{FAE04EC0-301F-11D3-BF4B-00C04F79EFBC}") = "Jadahtzee", "Jadahtzee\Jadahtzee.csproj", "{6ADEC2A5-DB42-4652-AF5E-BB7F3C46326D}"
EndProject
Global
	GlobalSection(SolutionConfigurationPlatforms) = preSolution
		Debug|Any CPU = Debug|Any CPU
		Release|Any CPU = Release|Any CPU
	EndGlobalSection
	GlobalSection(ProjectConfigurationPlatforms) = postSolution
		{6ADEC2A5-DB42-4652-AF5E-BB7F3C46326D}.Debug|Any CPU.ActiveCfg = Debug|Any CPU
		{6ADEC2A5-DB42-4652-AF5E-BB7F3C46326D}.Debug|Any CPU.Build.0 = Debug|Any CPU
		{6ADEC2A5-DB42-4652-AF5E-BB7F3C46326D}.Release|Any CPU.ActiveCfg = Release|Any CPU
		{6ADEC2A5-DB42-4652-AF5E-BB7F3C46326D}.Release|Any CPU.Build.0 = Release|Any CPU
	EndGlobalSection
	GlobalSection(SolutionProperties) = preSolution
		HideSolutionNode = FALSE
	EndGlobalSection
	GlobalSection(ExtensibilityGlobals) = postSolution
		SolutionGuid = {DB627414-F070-4AF5-9A2B-5A0A38A60C5D}
	EndGlobalSection
EndGlobal
